
Microsoft Visual Studio Solution File, Format Version 12.00
# Visual Studio 15
VisualStudioVersion = 15.0.28307.1209
MinimumVisualStudioVersion = 10.0.40219.1
Project("{FAE04EC0-301F-11D3-BF4B-00C04F79EFBC}") = "QAAutomationChallenge", "QAAutomationChallenge\QAAutomationChallenge.csproj", "{3DB89BC7-832B-4563-B399-5F03F2258FA8}"
EndProject
Global
	GlobalSection(SolutionConfigurationPlatforms) = preSolution
		Debug|Any CPU = Debug|Any CPU
		Release|Any CPU = Release|Any CPU
	EndGlobalSection
	GlobalSection(ProjectConfigurationPlatforms) = postSolution
		{3DB89BC7-832B-4563-B399-5F03F2258FA8}.Debug|Any CPU.ActiveCfg = Debug|Any CPU
		{3DB89BC7-832B-4563-B399-5F03F2258FA8}.Debug|Any CPU.Build.0 = Debug|Any CPU
		{3DB89BC7-832B-4563-B399-5F03F2258FA8}.Release|Any CPU.ActiveCfg = Release|Any CPU
		{3DB89BC7-832B-4563-B399-5F03F2258FA8}.Release|Any CPU.Build.0 = Release|Any CPU
	EndGlobalSection
	GlobalSection(SolutionProperties) = preSolution
		HideSolutionNode = FALSE
	EndGlobalSection
	GlobalSection(ExtensibilityGlobals) = postSolution
		SolutionGuid = {24CB12A2-DA43-4232-9476-29DB5F5DDD80}
	EndGlobalSection
EndGlobal
